<?xml version="1.0" encoding="utf-8"?>
<Project ToolsVersion="4.0" xmlns="http://schemas.microsoft.com/developer/msbuild/2003">
  <ItemGroup>
    <Filter Include="Source Files">
      <UniqueIdentifier>{4FC737F1-C7A5-4376-A066-2A32D752A2FF}</UniqueIdentifier>
      <Extensions>cpp;c;cc;cxx;def;odl;idl;hpj;bat;asm;asmx</Extensions>
    </Filter>
    <Filter Include="Source Files\Common">
      <UniqueIdentifier>{a6f42768-0342-4660-bc5b-2f69aed450d0}</UniqueIdentifier>
    </Filter>
    <Filter Include="Source Files\proc">
      <UniqueIdentifier>{4f10ebd4-e92c-47a0-869c-f73ba2015b8b}</UniqueIdentifier>
    </Filter>
    <Filter Include="Source Files\proc\dll">
      <UniqueIdentifier>{9539c13d-a809-4c05-9d4b-df8967c71d1f}</UniqueIdentifier>
    </Filter>
    <Filter Include="Source Files\proc\thread">
      <UniqueIdentifier>{ee2ab90c-18e9-4ce8-a19b-2de2aa6b1000}</UniqueIdentifier>
    </Filter>
    <Filter Include="Source Files\ixer">
      <UniqueIdentifier>{fb663176-d6ab-4c4e-bbc8-c4eb941133be}</UniqueIdentifier>
    </Filter>
    <Filter Include="Source Files\Func">
      <UniqueIdentifier>{3820d4a4-b14a-416e-b6c4-3819b42840c2}</UniqueIdentifier>
    </Filter>
    <Filter Include="Source Files\drvMod">
      <UniqueIdentifier>{e84c5745-124e-4448-8224-9b02a345cb51}</UniqueIdentifier>
    </Filter>
    <Filter Include="Source Files\ssdt">
      <UniqueIdentifier>{b1868f91-9e8e-473e-bdf9-15bcbc23b996}</UniqueIdentifier>
    </Filter>
    <Filter Include="Source Files\msghook">
      <UniqueIdentifier>{3fed1662-b07e-4ef3-9c18-bcdea9d9ed36}</UniqueIdentifier>
    </Filter>
    <Filter Include="Source Files\file">
      <UniqueIdentifier>{034e7a3c-0be8-4c99-9f27-34a3d0ce174d}</UniqueIdentifier>
    </Filter>
    <Filter Include="Source Files\reg">
      <UniqueIdentifier>{a28ead28-7269-4f27-997d-571745dcf945}</UniqueIdentifier>
    </Filter>
    <Filter Include="Source Files\net">
      <UniqueIdentifier>{89a05746-6666-4118-8333-bbba53717d0e}</UniqueIdentifier>
    </Filter>
    <Filter Include="Source Files\pe">
      <UniqueIdentifier>{f8dc00c4-e437-403e-a8b9-07a9da45e430}</UniqueIdentifier>
    </Filter>
    <Filter Include="Header Files">
      <UniqueIdentifier>{93995380-89BD-4b04-88EB-625FBE52EBFB}</UniqueIdentifier>
      <Extensions>h;hpp;hxx;hm;inl;inc;xsd</Extensions>
    </Filter>
    <Filter Include="Resource Files">
      <UniqueIdentifier>{67DA6AB6-F800-4c08-8B7A-83BB121AAD01}</UniqueIdentifier>
      <Extensions>rc;ico;cur;bmp;dlg;rc2;rct;bin;rgs;gif;jpg;jpeg;jpe;resx;tiff;tif;png;wav</Extensions>
    </Filter>
  </ItemGroup>
  <ItemGroup>
    <ClCompile Include="ioctl.c">
      <Filter>Source Files</Filter>
    </ClCompile>
    <ClCompile Include="ix.c">
      <Filter>Source Files</Filter>
    </ClCompile>
    <ClCompile Include="common.c">
      <Filter>Source Files\Common</Filter>
    </ClCompile>
    <ClCompile Include="proc.c">
      <Filter>Source Files\proc</Filter>
    </ClCompile>
    <ClCompile Include="dll.c">
      <Filter>Source Files\proc\dll</Filter>
    </ClCompile>
    <ClCompile Include="thread.c">
      <Filter>Source Files\proc\thread</Filter>
    </ClCompile>
    <ClCompile Include="Init.c">
      <Filter>Source Files\ixer</Filter>
    </ClCompile>
    <ClCompile Include="WinOSVersion.c">
      <Filter>Source Files\ixer</Filter>
    </ClCompile>
    <ClCompile Include="func.c">
      <Filter>Source Files\Func</Filter>
    </ClCompile>
    <ClCompile Include="drvMod.c">
      <Filter>Source Files\drvMod</Filter>
    </ClCompile>
    <ClCompile Include="ShadowSSDT.c">
      <Filter>Source Files\ssdt</Filter>
    </ClCompile>
    <ClCompile Include="ssdt.c">
      <Filter>Source Files\ssdt</Filter>
    </ClCompile>
    <ClCompile Include="msghook.c">
      <Filter>Source Files\msghook</Filter>
    </ClCompile>
    <ClCompile Include="file.c">
      <Filter>Source Files\file</Filter>
    </ClCompile>
    <ClCompile Include="reg.c">
      <Filter>Source Files\reg</Filter>
    </ClCompile>
    <ClCompile Include="Net.c">
      <Filter>Source Files\net</Filter>
    </ClCompile>
    <ClCompile Include="ASM\LDasm.c">
      <Filter>Source Files\pe</Filter>
    </ClCompile>
    <ClCompile Include="pe.c">
      <Filter>Source Files\pe</Filter>
    </ClCompile>
  </ItemGroup>
  <ItemGroup>
    <ClInclude Include="common.h">
      <Filter>Source Files\Common</Filter>
    </ClInclude>
    <ClInclude Include="..\Common\ioctl.h">
      <Filter>Source Files\Common</Filter>
    </ClInclude>
    <ClInclude Include="..\Common\Surface.h">
      <Filter>Source Files\Common</Filter>
    </ClInclude>
    <ClInclude Include="proc.h">
      <Filter>Source Files\proc</Filter>
    </ClInclude>
    <ClInclude Include="dll.h">
      <Filter>Source Files\proc\dll</Filter>
    </ClInclude>
    <ClInclude Include="thread.h">
      <Filter>Source Files\proc\thread</Filter>
    </ClInclude>
    <ClInclude Include="Init.h">
      <Filter>Source Files\ixer</Filter>
    </ClInclude>
    <ClInclude Include="WinOSVersion.h">
      <Filter>Source Files\ixer</Filter>
    </ClInclude>
    <ClInclude Include="func.h">
      <Filter>Source Files\Func</Filter>
    </ClInclude>
    <ClInclude Include="drvMod.h">
      <Filter>Source Files\drvMod</Filter>
    </ClInclude>
    <ClInclude Include="ShadowSSDT.h">
      <Filter>Source Files\ssdt</Filter>
    </ClInclude>
    <ClInclude Include="ssdt.h">
      <Filter>Source Files\ssdt</Filter>
    </ClInclude>
    <ClInclude Include="msghook.h">
      <Filter>Source Files\msghook</Filter>
    </ClInclude>
    <ClInclude Include="file.h">
      <Filter>Source Files\file</Filter>
    </ClInclude>
    <ClInclude Include="reg.h">
      <Filter>Source Files\reg</Filter>
    </ClInclude>
    <ClInclude Include="Net.h">
      <Filter>Source Files\net</Filter>
    </ClInclude>
    <ClInclude Include="ASM\LDasm.h">
      <Filter>Source Files\pe</Filter>
    </ClInclude>
    <ClInclude Include="pe.h">
      <Filter>Source Files\pe</Filter>
    </ClInclude>
    <ClInclude Include="ix.h">
      <Filter>Header Files</Filter>
    </ClInclude>
    <ClInclude Include="precomp.h">
      <Filter>Header Files</Filter>
    </ClInclude>
  </ItemGroup>
  <ItemGroup>
    <None Include="ReadMe.txt" />
  </ItemGroup>
</Project>