<?xml version="1.0" encoding="utf-8"?>
<Project ToolsVersion="4.0" xmlns="http://schemas.microsoft.com/developer/msbuild/2003">
  <ItemGroup>
    <Filter Include="源文件">
      <UniqueIdentifier>{4FC737F1-C7A5-4376-A066-2A32D752A2FF}</UniqueIdentifier>
      <Extensions>cpp;c;cc;cxx;def;odl;idl;hpj;bat;asm;asmx</Extensions>
    </Filter>
    <Filter Include="头文件">
      <UniqueIdentifier>{93995380-89BD-4b04-88EB-625FBE52EBFB}</UniqueIdentifier>
      <Extensions>h;hpp;hxx;hm;inl;inc;xsd</Extensions>
    </Filter>
    <Filter Include="资源文件">
      <UniqueIdentifier>{67DA6AB6-F800-4c08-8B7A-83BB121AAD01}</UniqueIdentifier>
      <Extensions>rc;ico;cur;bmp;dlg;rc2;rct;bin;rgs;gif;jpg;jpeg;jpe;resx;tiff;tif;png;wav;mfcribbon-ms</Extensions>
    </Filter>
    <Filter Include="data-queue">
      <UniqueIdentifier>{8b21d497-f5ae-4a8e-b520-0520589e157e}</UniqueIdentifier>
    </Filter>
    <Filter Include="process-created-monitor">
      <UniqueIdentifier>{470185fe-b635-4a6c-b2d1-e091d98c4d11}</UniqueIdentifier>
    </Filter>
    <Filter Include="kcommon">
      <UniqueIdentifier>{2f5d179f-4f40-44c0-950d-c9fff8db130a}</UniqueIdentifier>
    </Filter>
    <Filter Include="driver-ioctl">
      <UniqueIdentifier>{79f83f11-2cad-4625-be14-b9e8b3cbdeed}</UniqueIdentifier>
    </Filter>
  </ItemGroup>
  <ItemGroup>
    <ClCompile Include="driver-entry.c">
      <Filter>源文件</Filter>
    </ClCompile>
    <ClCompile Include="..\KCommon\data-queue\data-queue.c">
      <Filter>data-queue</Filter>
    </ClCompile>
    <ClCompile Include="driver-ioctl\driver-ioctl.c">
      <Filter>driver-ioctl</Filter>
    </ClCompile>
    <ClCompile Include="process-created-monitor\process-created-mon.c">
      <Filter>process-created-monitor</Filter>
    </ClCompile>
    <ClCompile Include="..\KCommon\process-operate\process-operate.c">
      <Filter>kcommon</Filter>
    </ClCompile>
  </ItemGroup>
  <ItemGroup>
    <ClInclude Include="driver-entry.h">
      <Filter>头文件</Filter>
    </ClInclude>
    <ClInclude Include="..\KCommon\KNativeApi.h">
      <Filter>kcommon</Filter>
    </ClInclude>
    <ClInclude Include="..\KCommon\KPeb-Define.h">
      <Filter>kcommon</Filter>
    </ClInclude>
    <ClInclude Include="..\KCommon\data-queue\data-queue.h">
      <Filter>data-queue</Filter>
    </ClInclude>
    <ClInclude Include="driver-ioctl\driver-ioctl.h">
      <Filter>driver-ioctl</Filter>
    </ClInclude>
    <ClInclude Include="process-created-monitor\process-created-mon.h">
      <Filter>process-created-monitor</Filter>
    </ClInclude>
    <ClInclude Include="..\KCommon\process-operate\process-operate.h">
      <Filter>kcommon</Filter>
    </ClInclude>
  </ItemGroup>
  <ItemGroup>
    <ResourceCompile Include="KGameZQ32.rc">
      <Filter>资源文件</Filter>
    </ResourceCompile>
  </ItemGroup>
</Project>